Microsoft Visual Studio Solution File, Format Version 12.00
# Visual Studio Version 17
VisualStudioVersion = 17.14.36705.20
MinimumVisualStudioVersion = 10.0.40219.1
Project("{FAE04EC0-301F-11D3-BF4B-00C04F79EFBC}") = "LetterboxdWatchlist", "LetterboxdWatchlist\LetterboxdWatchlist.csproj", "{D921B930-CF91-406F-ACBC-08914DCD0D34}"
EndProject
Project("{911E67C6-3D85-4FCE-B560-20A9C3E3FF48}") = "jellyfin", "..\..\..\..\Program Files\Jellyfin\Server\jellyfin.exe", "{D367D674-1087-1670-31A0-18F3021F5127}"
	ProjectSection(DebuggerProjectSystem) = preProject
		PortSupplier = 00000000-0000-0000-0000-000000000000
		Executable = C:\Program Files\Jellyfin\Server\jellyfin.exe
		RemoteMachine = WINDOWS-DESKTOP
		StartingDirectory = C:\Program Files\Jellyfin\Server
		Environment = Default
		LaunchingEngine = 00000000-0000-0000-0000-000000000000
		UseLegacyDebugEngines = No
		LaunchSQLEngine = No
		AttachLaunchAction = No
		IORedirection = Auto
	EndProjectSection
EndProject
Global
	GlobalSection(SolutionConfigurationPlatforms) = preSolution
		Debug|Any CPU = Debug|Any CPU
		Debug|x64 = Debug|x64
		Debug|x86 = Debug|x86
		Release|Any CPU = Release|Any CPU
		Release|x64 = Release|x64
		Release|x86 = Release|x86
	EndGlobalSection
	GlobalSection(ProjectConfigurationPlatforms) = postSolution
		{D921B930-CF91-406F-ACBC-08914DCD0D34}.Debug|Any CPU.ActiveCfg = Debug|Any CPU
		{D921B930-CF91-406F-ACBC-08914DCD0D34}.Debug|x64.ActiveCfg = Debug|Any CPU
		{D921B930-CF91-406F-ACBC-08914DCD0D34}.Debug|x64.Build.0 = Debug|Any CPU
		{D921B930-CF91-406F-ACBC-08914DCD0D34}.Debug|x86.ActiveCfg = Debug|Any CPU
		{D921B930-CF91-406F-ACBC-08914DCD0D34}.Debug|x86.Build.0 = Debug|Any CPU
		{D921B930-CF91-406F-ACBC-08914DCD0D34}.Release|Any CPU.ActiveCfg = Release|Any CPU
		{D921B930-CF91-406F-ACBC-08914DCD0D34}.Release|Any CPU.Build.0 = Release|Any CPU
		{D921B930-CF91-406F-ACBC-08914DCD0D34}.Release|x64.ActiveCfg = Release|Any CPU
		{D921B930-CF91-406F-ACBC-08914DCD0D34}.Release|x64.Build.0 = Release|Any CPU
		{D921B930-CF91-406F-ACBC-08914DCD0D34}.Release|x86.ActiveCfg = Release|Any CPU
		{D921B930-CF91-406F-ACBC-08914DCD0D34}.Release|x86.Build.0 = Release|Any CPU
		{D367D674-1087-1670-31A0-18F3021F5127}.Debug|Any CPU.ActiveCfg = Release|x64
		{D367D674-1087-1670-31A0-18F3021F5127}.Debug|x64.ActiveCfg = Release|x64
		{D367D674-1087-1670-31A0-18F3021F5127}.Debug|x86.ActiveCfg = Release|x64
		{D367D674-1087-1670-31A0-18F3021F5127}.Release|Any CPU.ActiveCfg = Release|x64
		{D367D674-1087-1670-31A0-18F3021F5127}.Release|x64.ActiveCfg = Release|x64
		{D367D674-1087-1670-31A0-18F3021F5127}.Release|x86.ActiveCfg = Release|x64
	EndGlobalSection
	GlobalSection(SolutionProperties) = preSolution
		HideSolutionNode = FALSE
	EndGlobalSection
	GlobalSection(ExtensibilityGlobals) = postSolution
		SolutionGuid = {267E6EAE-ACA8-49DF-BFF8-D5F009D51E07}
	EndGlobalSection
EndGlobal
